# This file is automatically @generated by Cargo.
# It is not intended for manual editing.
version = 4

[[package]]
name = "hive-auth"
version = "0.0.0"

[[package]]
name = "hive-blockd"
version = "0.0.0"

[[package]]
name = "hive-cell"
version = "0.0.0"
dependencies = [
 "hive-types",
]

[[package]]
name = "hive-cell-ch"
version = "0.0.0"

[[package]]
name = "hive-cell-fc"
version = "0.0.0"

[[package]]
name = "hive-cell-oci"
version = "0.0.0"

[[package]]
name = "hive-cell-plugin"
version = "0.0.0"

[[package]]
name = "hive-cell-proc"
version = "0.0.0"

[[package]]
name = "hive-cell-qemu"
version = "0.0.0"

[[package]]
name = "hive-cell-wasm"
version = "0.0.0"

[[package]]
name = "hive-comb"
version = "0.0.0"

[[package]]
name = "hive-drone"
version = "0.0.0"

[[package]]
name = "hive-gate"
version = "0.0.0"

[[package]]
name = "hive-guard"
version = "0.0.0"

[[package]]
name = "hive-imaged"
version = "0.0.0"

[[package]]
name = "hive-keeper"
version = "0.0.0"

[[package]]
name = "hive-nectar"
version = "0.0.0"

[[package]]
name = "hive-pollen"
version = "0.0.0"

[[package]]
name = "hive-proto"
version = "0.0.0"

[[package]]
name = "hive-rt"
version = "0.0.0"

[[package]]
name = "hive-scout"
version = "0.0.0"

[[package]]
name = "hive-sdk"
version = "0.0.0"

[[package]]
name = "hive-sim"
version = "0.0.0"

[[package]]
name = "hive-snap"
version = "0.0.0"

[[package]]
name = "hive-telemetry"
version = "0.0.0"

[[package]]
name = "hive-types"
version = "0.0.0"

[[package]]
name = "hive-uffd"
version = "0.0.0"

[[package]]
name = "hive-waggle"
version = "0.0.0"

[[package]]
name = "hivectl"
version = "0.0.0"

[[package]]
name = "xtask"
version = "0.0.0"
